
Microsoft Visual Studio Solution File, Format Version 12.00
# Visual Studio Version 17
VisualStudioVersion = 17.0.31903.59
MinimumVisualStudioVersion = 10.0.40219.1
Project("{FAE04EC0-301F-11D3-BF4B-00C04F79EFBC}") = "KafkaDemo.API", "KafkaDemo.API\KafkaDemo.API.csproj", "{66C8F380-4854-4360-A7F4-C358CB08B6B0}"
EndProject
Project("{FAE04EC0-301F-11D3-BF4B-00C04F79EFBC}") = "KafkaDemo.Core", "KafkaDemo.Core\KafkaDemo.Core.csproj", "{FF9FCCE5-C45D-48FA-996A-F4434A47ACD6}"
EndProject
Project("{FAE04EC0-301F-11D3-BF4B-00C04F79EFBC}") = "KafkaDemo.Infrastructure", "KafkaDemo.Infrastructure\KafkaDemo.Infrastructure.csproj", "{CC171AE5-70CC-4D69-91E7-BED06DD1C81B}"
EndProject
Project("{FAE04EC0-301F-11D3-BF4B-00C04F79EFBC}") = "KafkaDemo.Consume", "KafkaDemo.Consume\KafkaDemo.Consume.csproj", "{E60D7810-D360-4930-81EA-02F1811EE837}"
EndProject
Project("{FAE04EC0-301F-11D3-BF4B-00C04F79EFBC}") = "KafkaDemo.Tests", "KafkaDemo.Tests\KafkaDemo.Tests.csproj", "{775A2667-17C6-47B2-9C6A-D77BEE12EA1F}"
EndProject
Project("{FAE04EC0-301F-11D3-BF4B-00C04F79EFBC}") = "KafkaDemo.Shared", "KafkaDemo.Shared\KafkaDemo.Shared.csproj", "{E0740B6C-61A4-48B3-A23E-0AD903E014DE}"
EndProject
Global
	GlobalSection(SolutionConfigurationPlatforms) = preSolution
		Debug|Any CPU = Debug|Any CPU
		Release|Any CPU = Release|Any CPU
	EndGlobalSection
	GlobalSection(ProjectConfigurationPlatforms) = postSolution
		{66C8F380-4854-4360-A7F4-C358CB08B6B0}.Debug|Any CPU.ActiveCfg = Debug|Any CPU
		{66C8F380-4854-4360-A7F4-C358CB08B6B0}.Debug|Any CPU.Build.0 = Debug|Any CPU
		{66C8F380-4854-4360-A7F4-C358CB08B6B0}.Release|Any CPU.ActiveCfg = Release|Any CPU
		{66C8F380-4854-4360-A7F4-C358CB08B6B0}.Release|Any CPU.Build.0 = Release|Any CPU
		{FF9FCCE5-C45D-48FA-996A-F4434A47ACD6}.Debug|Any CPU.ActiveCfg = Debug|Any CPU
		{FF9FCCE5-C45D-48FA-996A-F4434A47ACD6}.Debug|Any CPU.Build.0 = Debug|Any CPU
		{FF9FCCE5-C45D-48FA-996A-F4434A47ACD6}.Release|Any CPU.ActiveCfg = Release|Any CPU
		{FF9FCCE5-C45D-48FA-996A-F4434A47ACD6}.Release|Any CPU.Build.0 = Release|Any CPU
		{CC171AE5-70CC-4D69-91E7-BED06DD1C81B}.Debug|Any CPU.ActiveCfg = Debug|Any CPU
		{CC171AE5-70CC-4D69-91E7-BED06DD1C81B}.Debug|Any CPU.Build.0 = Debug|Any CPU
		{CC171AE5-70CC-4D69-91E7-BED06DD1C81B}.Release|Any CPU.ActiveCfg = Release|Any CPU
		{CC171AE5-70CC-4D69-91E7-BED06DD1C81B}.Release|Any CPU.Build.0 = Release|Any CPU
		{E60D7810-D360-4930-81EA-02F1811EE837}.Debug|Any CPU.ActiveCfg = Debug|Any CPU
		{E60D7810-D360-4930-81EA-02F1811EE837}.Debug|Any CPU.Build.0 = Debug|Any CPU
		{E60D7810-D360-4930-81EA-02F1811EE837}.Release|Any CPU.ActiveCfg = Release|Any CPU
		{E60D7810-D360-4930-81EA-02F1811EE837}.Release|Any CPU.Build.0 = Release|Any CPU
		{775A2667-17C6-47B2-9C6A-D77BEE12EA1F}.Debug|Any CPU.ActiveCfg = Debug|Any CPU
		{775A2667-17C6-47B2-9C6A-D77BEE12EA1F}.Debug|Any CPU.Build.0 = Debug|Any CPU
		{775A2667-17C6-47B2-9C6A-D77BEE12EA1F}.Release|Any CPU.ActiveCfg = Release|Any CPU
		{775A2667-17C6-47B2-9C6A-D77BEE12EA1F}.Release|Any CPU.Build.0 = Release|Any CPU
		{E0740B6C-61A4-48B3-A23E-0AD903E014DE}.Debug|Any CPU.ActiveCfg = Debug|Any CPU
		{E0740B6C-61A4-48B3-A23E-0AD903E014DE}.Debug|Any CPU.Build.0 = Debug|Any CPU
		{E0740B6C-61A4-48B3-A23E-0AD903E014DE}.Release|Any CPU.ActiveCfg = Release|Any CPU
		{E0740B6C-61A4-48B3-A23E-0AD903E014DE}.Release|Any CPU.Build.0 = Release|Any CPU
	EndGlobalSection
	GlobalSection(SolutionProperties) = preSolution
		HideSolutionNode = FALSE
	EndGlobalSection
	GlobalSection(ExtensibilityGlobals) = postSolution
		SolutionGuid = {2C57ED1C-3CE6-4777-8951-81587A1ABE08}
	EndGlobalSection
EndGlobal
