
Microsoft Visual Studio Solution File, Format Version 12.00
# Visual Studio Version 17
VisualStudioVersion = 17.0.31903.59
MinimumVisualStudioVersion = 10.0.40219.1
Project("{FAE04EC0-301F-11D3-BF4B-00C04F79EFBC}") = "KafkaDemo.API", "KafkaDemo.API\KafkaDemo.API.csproj", "{66C8F380-4854-4360-A7F4-C358CB08B6B0}"
EndProject
Project("{FAE04EC0-301F-11D3-BF4B-00C04F79EFBC}") = "KafkaDemo.Consumer", "KafkaDemo.Consumer\KafkaDemo.Consumer.csproj", "{73AD3CA5-E14C-4E5D-9249-5584215BC773}"
EndProject
Global
	GlobalSection(SolutionConfigurationPlatforms) = preSolution
		Debug|Any CPU = Debug|Any CPU
		Release|Any CPU = Release|Any CPU
	EndGlobalSection
	GlobalSection(ProjectConfigurationPlatforms) = postSolution
		{66C8F380-4854-4360-A7F4-C358CB08B6B0}.Debug|Any CPU.ActiveCfg = Debug|Any CPU
		{66C8F380-4854-4360-A7F4-C358CB08B6B0}.Debug|Any CPU.Build.0 = Debug|Any CPU
		{66C8F380-4854-4360-A7F4-C358CB08B6B0}.Release|Any CPU.ActiveCfg = Release|Any CPU
		{66C8F380-4854-4360-A7F4-C358CB08B6B0}.Release|Any CPU.Build.0 = Release|Any CPU
		{73AD3CA5-E14C-4E5D-9249-5584215BC773}.Debug|Any CPU.ActiveCfg = Debug|Any CPU
		{73AD3CA5-E14C-4E5D-9249-5584215BC773}.Debug|Any CPU.Build.0 = Debug|Any CPU
		{73AD3CA5-E14C-4E5D-9249-5584215BC773}.Release|Any CPU.ActiveCfg = Release|Any CPU
		{73AD3CA5-E14C-4E5D-9249-5584215BC773}.Release|Any CPU.Build.0 = Release|Any CPU
	EndGlobalSection
	GlobalSection(SolutionProperties) = preSolution
		HideSolutionNode = FALSE
	EndGlobalSection
	GlobalSection(ExtensibilityGlobals) = postSolution
		SolutionGuid = {2C57ED1C-3CE6-4777-8951-81587A1ABE08}
	EndGlobalSection
EndGlobal
